
Microsoft Visual Studio Solution File, Format Version 12.00
# Visual Studio Version 17
VisualStudioVersion = 17.8.34525.116
MinimumVisualStudioVersion = 10.0.40219.1
Project("{FAE04EC0-301F-11D3-BF4B-00C04F79EFBC}") = "Run", "Run\Run.csproj", "{156ACA8A-0CBF-4EC0-B354-6F3D136EF3CF}"
EndProject
Project("{FAE04EC0-301F-11D3-BF4B-00C04F79EFBC}") = "ClassLibrary", "ClassLibrary\ClassLibrary.csproj", "{FC41DC18-1D5E-4350-8BCA-23EFC294E237}"
EndProject
Global
	GlobalSection(SolutionConfigurationPlatforms) = preSolution
		Debug|Any CPU = Debug|Any CPU
		Release|Any CPU = Release|Any CPU
	EndGlobalSection
	GlobalSection(ProjectConfigurationPlatforms) = postSolution
		{156ACA8A-0CBF-4EC0-B354-6F3D136EF3CF}.Debug|Any CPU.ActiveCfg = Debug|Any CPU
		{156ACA8A-0CBF-4EC0-B354-6F3D136EF3CF}.Debug|Any CPU.Build.0 = Debug|Any CPU
		{156ACA8A-0CBF-4EC0-B354-6F3D136EF3CF}.Release|Any CPU.ActiveCfg = Release|Any CPU
		{156ACA8A-0CBF-4EC0-B354-6F3D136EF3CF}.Release|Any CPU.Build.0 = Release|Any CPU
		{FC41DC18-1D5E-4350-8BCA-23EFC294E237}.Debug|Any CPU.ActiveCfg = Debug|Any CPU
		{FC41DC18-1D5E-4350-8BCA-23EFC294E237}.Debug|Any CPU.Build.0 = Debug|Any CPU
		{FC41DC18-1D5E-4350-8BCA-23EFC294E237}.Release|Any CPU.ActiveCfg = Release|Any CPU
		{FC41DC18-1D5E-4350-8BCA-23EFC294E237}.Release|Any CPU.Build.0 = Release|Any CPU
	EndGlobalSection
	GlobalSection(SolutionProperties) = preSolution
		HideSolutionNode = FALSE
	EndGlobalSection
	GlobalSection(ExtensibilityGlobals) = postSolution
		SolutionGuid = {21A5770F-D446-4024-A4CE-2F6600D7CF18}
	EndGlobalSection
EndGlobal
